
Microsoft Visual Studio Solution File, Format Version 12.00
# Visual Studio Version 17
VisualStudioVersion = 17.0.31903.59
MinimumVisualStudioVersion = 10.0.40219.1
Project("{FAE04EC0-301F-11D3-BF4B-00C04F79EFBC}") = "PrimalityTest", "PrimalityTest\PrimalityTest.csproj", "{2AED1D66-B7C6-4C4A-A21C-1A1D49EC84F3}"
EndProject
Global
	GlobalSection(SolutionConfigurationPlatforms) = preSolution
		Debug|Any CPU = Debug|Any CPU
		Release|Any CPU = Release|Any CPU
	EndGlobalSection
	GlobalSection(ProjectConfigurationPlatforms) = postSolution
		{2AED1D66-B7C6-4C4A-A21C-1A1D49EC84F3}.Debug|Any CPU.ActiveCfg = Debug|Any CPU
		{2AED1D66-B7C6-4C4A-A21C-1A1D49EC84F3}.Debug|Any CPU.Build.0 = Debug|Any CPU
		{2AED1D66-B7C6-4C4A-A21C-1A1D49EC84F3}.Release|Any CPU.ActiveCfg = Release|Any CPU
		{2AED1D66-B7C6-4C4A-A21C-1A1D49EC84F3}.Release|Any CPU.Build.0 = Release|Any CPU
	EndGlobalSection
	GlobalSection(SolutionProperties) = preSolution
		HideSolutionNode = FALSE
	EndGlobalSection
	GlobalSection(ExtensibilityGlobals) = postSolution
		SolutionGuid = {5CBFCD2A-E9B3-4437-ABA6-126AE7CFC2AB}
	EndGlobalSection
EndGlobal
