
Microsoft Visual Studio Solution File, Format Version 12.00
# Visual Studio Version 17
VisualStudioVersion = 17.0.31903.59
MinimumVisualStudioVersion = 10.0.40219.1
Project("{FAE04EC0-301F-11D3-BF4B-00C04F79EFBC}") = "NumberOfMultiples1", "NumberOfMultiples1\NumberOfMultiples1.csproj", "{A7F10F22-4C2C-45AA-A17D-D63ED76B63CF}"
EndProject
Global
	GlobalSection(SolutionConfigurationPlatforms) = preSolution
		Debug|Any CPU = Debug|Any CPU
		Release|Any CPU = Release|Any CPU
	EndGlobalSection
	GlobalSection(ProjectConfigurationPlatforms) = postSolution
		{A7F10F22-4C2C-45AA-A17D-D63ED76B63CF}.Debug|Any CPU.ActiveCfg = Debug|Any CPU
		{A7F10F22-4C2C-45AA-A17D-D63ED76B63CF}.Debug|Any CPU.Build.0 = Debug|Any CPU
		{A7F10F22-4C2C-45AA-A17D-D63ED76B63CF}.Release|Any CPU.ActiveCfg = Release|Any CPU
		{A7F10F22-4C2C-45AA-A17D-D63ED76B63CF}.Release|Any CPU.Build.0 = Release|Any CPU
	EndGlobalSection
	GlobalSection(SolutionProperties) = preSolution
		HideSolutionNode = FALSE
	EndGlobalSection
	GlobalSection(ExtensibilityGlobals) = postSolution
		SolutionGuid = {623C832B-A30A-4BC6-9163-5DBD0E780ADF}
	EndGlobalSection
EndGlobal
