
Microsoft Visual Studio Solution File, Format Version 12.00
# Visual Studio Version 17
VisualStudioVersion = 17.0.31903.59
MinimumVisualStudioVersion = 10.0.40219.1
Project("{FAE04EC0-301F-11D3-BF4B-00C04F79EFBC}") = "ChooseCards3", "ChooseCards3\ChooseCards3.csproj", "{C469B2DF-B8EA-4AAC-8C5A-AFB7BA1AA1D9}"
EndProject
Global
	GlobalSection(SolutionConfigurationPlatforms) = preSolution
		Debug|Any CPU = Debug|Any CPU
		Release|Any CPU = Release|Any CPU
	EndGlobalSection
	GlobalSection(ProjectConfigurationPlatforms) = postSolution
		{C469B2DF-B8EA-4AAC-8C5A-AFB7BA1AA1D9}.Debug|Any CPU.ActiveCfg = Debug|Any CPU
		{C469B2DF-B8EA-4AAC-8C5A-AFB7BA1AA1D9}.Debug|Any CPU.Build.0 = Debug|Any CPU
		{C469B2DF-B8EA-4AAC-8C5A-AFB7BA1AA1D9}.Release|Any CPU.ActiveCfg = Release|Any CPU
		{C469B2DF-B8EA-4AAC-8C5A-AFB7BA1AA1D9}.Release|Any CPU.Build.0 = Release|Any CPU
	EndGlobalSection
	GlobalSection(SolutionProperties) = preSolution
		HideSolutionNode = FALSE
	EndGlobalSection
	GlobalSection(ExtensibilityGlobals) = postSolution
		SolutionGuid = {3DEB768C-A687-41D5-95C8-26D3C0402CA3}
	EndGlobalSection
EndGlobal
