
Microsoft Visual Studio Solution File, Format Version 12.00
# Visual Studio Version 17
VisualStudioVersion = 17.0.31903.59
MinimumVisualStudioVersion = 10.0.40219.1
Project("{FAE04EC0-301F-11D3-BF4B-00C04F79EFBC}") = "SumOf3Integer", "SumOf3Integer\SumOf3Integer.csproj", "{3133460E-2348-445A-A4C4-1178E58F1A91}"
EndProject
Global
	GlobalSection(SolutionConfigurationPlatforms) = preSolution
		Debug|Any CPU = Debug|Any CPU
		Release|Any CPU = Release|Any CPU
	EndGlobalSection
	GlobalSection(ProjectConfigurationPlatforms) = postSolution
		{3133460E-2348-445A-A4C4-1178E58F1A91}.Debug|Any CPU.ActiveCfg = Debug|Any CPU
		{3133460E-2348-445A-A4C4-1178E58F1A91}.Debug|Any CPU.Build.0 = Debug|Any CPU
		{3133460E-2348-445A-A4C4-1178E58F1A91}.Release|Any CPU.ActiveCfg = Release|Any CPU
		{3133460E-2348-445A-A4C4-1178E58F1A91}.Release|Any CPU.Build.0 = Release|Any CPU
	EndGlobalSection
	GlobalSection(SolutionProperties) = preSolution
		HideSolutionNode = FALSE
	EndGlobalSection
	GlobalSection(ExtensibilityGlobals) = postSolution
		SolutionGuid = {B377AF19-98BB-4BF8-AD90-4586A87A6CE6}
	EndGlobalSection
EndGlobal
