
Microsoft Visual Studio Solution File, Format Version 12.00
# Visual Studio Version 17
VisualStudioVersion = 17.0.31903.59
MinimumVisualStudioVersion = 10.0.40219.1
Project("{FAE04EC0-301F-11D3-BF4B-00C04F79EFBC}") = "Factorization", "Factorization\Factorization.csproj", "{A541FBEF-9D75-4F7E-8C00-C0715F9B7156}"
EndProject
Global
	GlobalSection(SolutionConfigurationPlatforms) = preSolution
		Debug|Any CPU = Debug|Any CPU
		Release|Any CPU = Release|Any CPU
	EndGlobalSection
	GlobalSection(ProjectConfigurationPlatforms) = postSolution
		{A541FBEF-9D75-4F7E-8C00-C0715F9B7156}.Debug|Any CPU.ActiveCfg = Debug|Any CPU
		{A541FBEF-9D75-4F7E-8C00-C0715F9B7156}.Debug|Any CPU.Build.0 = Debug|Any CPU
		{A541FBEF-9D75-4F7E-8C00-C0715F9B7156}.Release|Any CPU.ActiveCfg = Release|Any CPU
		{A541FBEF-9D75-4F7E-8C00-C0715F9B7156}.Release|Any CPU.Build.0 = Release|Any CPU
	EndGlobalSection
	GlobalSection(SolutionProperties) = preSolution
		HideSolutionNode = FALSE
	EndGlobalSection
	GlobalSection(ExtensibilityGlobals) = postSolution
		SolutionGuid = {567E7D80-C4F2-4FD3-BC73-A0B2CA285CFE}
	EndGlobalSection
EndGlobal
