
Microsoft Visual Studio Solution File, Format Version 12.00
# Visual Studio Version 17
VisualStudioVersion = 17.0.31903.59
MinimumVisualStudioVersion = 10.0.40219.1
Project("{FAE04EC0-301F-11D3-BF4B-00C04F79EFBC}") = "DivisorEnumeration", "DivisorEnumeration\DivisorEnumeration.csproj", "{B0A6ACC1-C572-46D6-BC34-2F426742F472}"
EndProject
Global
	GlobalSection(SolutionConfigurationPlatforms) = preSolution
		Debug|Any CPU = Debug|Any CPU
		Release|Any CPU = Release|Any CPU
	EndGlobalSection
	GlobalSection(ProjectConfigurationPlatforms) = postSolution
		{B0A6ACC1-C572-46D6-BC34-2F426742F472}.Debug|Any CPU.ActiveCfg = Debug|Any CPU
		{B0A6ACC1-C572-46D6-BC34-2F426742F472}.Debug|Any CPU.Build.0 = Debug|Any CPU
		{B0A6ACC1-C572-46D6-BC34-2F426742F472}.Release|Any CPU.ActiveCfg = Release|Any CPU
		{B0A6ACC1-C572-46D6-BC34-2F426742F472}.Release|Any CPU.Build.0 = Release|Any CPU
	EndGlobalSection
	GlobalSection(SolutionProperties) = preSolution
		HideSolutionNode = FALSE
	EndGlobalSection
	GlobalSection(ExtensibilityGlobals) = postSolution
		SolutionGuid = {D7BC12B9-D1D6-4BFB-AB33-758DBA84610F}
	EndGlobalSection
EndGlobal
