
Microsoft Visual Studio Solution File, Format Version 12.00
# Visual Studio Version 17
VisualStudioVersion = 17.0.31903.59
MinimumVisualStudioVersion = 10.0.40219.1
Project("{FAE04EC0-301F-11D3-BF4B-00C04F79EFBC}") = "Print2N+3", "Print2N+3\Print2N+3.csproj", "{88A302BC-9A65-4161-A1C5-C4A7B4B434F8}"
EndProject
Global
	GlobalSection(SolutionConfigurationPlatforms) = preSolution
		Debug|Any CPU = Debug|Any CPU
		Release|Any CPU = Release|Any CPU
	EndGlobalSection
	GlobalSection(ProjectConfigurationPlatforms) = postSolution
		{88A302BC-9A65-4161-A1C5-C4A7B4B434F8}.Debug|Any CPU.ActiveCfg = Debug|Any CPU
		{88A302BC-9A65-4161-A1C5-C4A7B4B434F8}.Debug|Any CPU.Build.0 = Debug|Any CPU
		{88A302BC-9A65-4161-A1C5-C4A7B4B434F8}.Release|Any CPU.ActiveCfg = Release|Any CPU
		{88A302BC-9A65-4161-A1C5-C4A7B4B434F8}.Release|Any CPU.Build.0 = Release|Any CPU
	EndGlobalSection
	GlobalSection(SolutionProperties) = preSolution
		HideSolutionNode = FALSE
	EndGlobalSection
	GlobalSection(ExtensibilityGlobals) = postSolution
		SolutionGuid = {8423EB4C-E104-451F-9665-A81F836DDC73}
	EndGlobalSection
EndGlobal
