
Microsoft Visual Studio Solution File, Format Version 12.00
# Visual Studio Version 17
VisualStudioVersion = 17.0.31903.59
MinimumVisualStudioVersion = 10.0.40219.1
Project("{FAE04EC0-301F-11D3-BF4B-00C04F79EFBC}") = "Modulo100", "Modulo100\Modulo100.csproj", "{CAAA2EE9-39CB-48BC-B0A2-0E9B88640EA4}"
EndProject
Global
	GlobalSection(SolutionConfigurationPlatforms) = preSolution
		Debug|Any CPU = Debug|Any CPU
		Release|Any CPU = Release|Any CPU
	EndGlobalSection
	GlobalSection(ProjectConfigurationPlatforms) = postSolution
		{CAAA2EE9-39CB-48BC-B0A2-0E9B88640EA4}.Debug|Any CPU.ActiveCfg = Debug|Any CPU
		{CAAA2EE9-39CB-48BC-B0A2-0E9B88640EA4}.Debug|Any CPU.Build.0 = Debug|Any CPU
		{CAAA2EE9-39CB-48BC-B0A2-0E9B88640EA4}.Release|Any CPU.ActiveCfg = Release|Any CPU
		{CAAA2EE9-39CB-48BC-B0A2-0E9B88640EA4}.Release|Any CPU.Build.0 = Release|Any CPU
	EndGlobalSection
	GlobalSection(SolutionProperties) = preSolution
		HideSolutionNode = FALSE
	EndGlobalSection
	GlobalSection(ExtensibilityGlobals) = postSolution
		SolutionGuid = {974393A4-837B-4E56-86A7-269A58611497}
	EndGlobalSection
EndGlobal
